
Microsoft Visual Studio Solution File, Format Version 12.00
# Visual Studio Version 16
VisualStudioVersion = 16.0.34031.81
MinimumVisualStudioVersion = 10.0.40219.1
Project("{2150E333-8FDC-42A3-9474-1A3956D46DE8}") = "Task0", "Task0", "{5F9B9B4F-BB33-4A23-A2A8-0BEE24B2F6B5}"
EndProject
Project("{FAE04EC0-301F-11D3-BF4B-00C04F79EFBC}") = "Tyuiu.ZainagabdinovR.A.Sprint3.Task0.V5", "Tyuiu.ZainagabdinovR.A.Sprint3.Task0.V5\Tyuiu.ZainagabdinovR.A.Sprint3.Task0.V5.csproj", "{1DF9A2AD-F360-4BB2-BE22-00226A2628F3}"
EndProject
Project("{FAE04EC0-301F-11D3-BF4B-00C04F79EFBC}") = "Tyuiu.ZainagabdinovR.A.Sprint3.Task0.V5.Lib", "Tyuiu.ZainagabdinovR.A.Sprint3.Task0.V5.Lib\Tyuiu.ZainagabdinovR.A.Sprint3.Task0.V5.Lib.csproj", "{B8A73E3E-32B8-4A2B-97C6-F364AFAC5FD3}"
EndProject
Project("{FAE04EC0-301F-11D3-BF4B-00C04F79EFBC}") = "Tyuiu.ZainagabdinovR.A.Sprint3.Task0.V5.Test", "Tyuiu.ZainagabdinovR.A.Sprint3.Task0.V5.Test\Tyuiu.ZainagabdinovR.A.Sprint3.Task0.V5.Test.csproj", "{DD1677A0-8D17-4CC7-96C5-58040F953244}"
EndProject
Project("{2150E333-8FDC-42A3-9474-1A3956D46DE8}") = "Task1", "Task1", "{5DD85C97-2B7B-484B-8DD2-A56BEFC72B41}"
EndProject
Project("{2150E333-8FDC-42A3-9474-1A3956D46DE8}") = "Task2", "Task2", "{616F0CEE-9E40-4635-B5B0-CBD64057A25F}"
EndProject
Project("{FAE04EC0-301F-11D3-BF4B-00C04F79EFBC}") = "Tyuiu.ZainagabdinovR.A.Sprint3.Task2.V26", "Tyuiu.ZainagabdinovR.A.Sprint3.Task2.V26\Tyuiu.ZainagabdinovR.A.Sprint3.Task2.V26.csproj", "{7ACD22E4-2BC4-4500-B942-DDFC743FC1DC}"
EndProject
Project("{FAE04EC0-301F-11D3-BF4B-00C04F79EFBC}") = "Tyuiu.ZainagabdinovR.A.Sprint3.Task2.V26.Lib", "Tyuiu.ZainagabdinovR.A.Sprint3.Task2.V26.Lib\Tyuiu.ZainagabdinovR.A.Sprint3.Task2.V26.Lib.csproj", "{8466A8A0-9CD2-4730-94D3-06815060BC83}"
EndProject
Project("{FAE04EC0-301F-11D3-BF4B-00C04F79EFBC}") = "Tyuiu.ZainagabdinovR.A.Sprint3.Task2.V26.Test", "Tyuiu.ZainagabdinovR.A.Sprint3.Task2.V26.Test\Tyuiu.ZainagabdinovR.A.Sprint3.Task2.V26.Test.csproj", "{B1335E1F-DD7A-40FA-872B-4512BD820C7D}"
EndProject
Project("{2150E333-8FDC-42A3-9474-1A3956D46DE8}") = "Task3", "Task3", "{42DDDEF4-9B43-4D50-854F-197CB8111B62}"
EndProject
Project("{FAE04EC0-301F-11D3-BF4B-00C04F79EFBC}") = "Tyuiu.ZainagabdinovR.A.Sprint3.Task3.V4", "Tyuiu.ZainagabdinovR.A.Sprint3.Task3.V4\Tyuiu.ZainagabdinovR.A.Sprint3.Task3.V4.csproj", "{D8B3062D-DD19-41A5-AAA2-CCEAB9D17505}"
EndProject
Project("{FAE04EC0-301F-11D3-BF4B-00C04F79EFBC}") = "Tyuiu.ZainagabdinovR.A.Sprint3.Task3.V4.Lib", "Tyuiu.ZainagabdinovR.A.Sprint3.Task3.V4.Lib\Tyuiu.ZainagabdinovR.A.Sprint3.Task3.V4.Lib.csproj", "{E0F85839-39F7-4ADB-A213-150D3E78D0F4}"
EndProject
Project("{FAE04EC0-301F-11D3-BF4B-00C04F79EFBC}") = "Tyuiu.ZainagabdinovR.A.Sprint3.Task3.V4.Test", "Tyuiu.ZainagabdinovR.A.Sprint3.Task3.V4.Test\Tyuiu.ZainagabdinovR.A.Sprint3.Task3.V4.Test.csproj", "{BDAC9B30-225B-4DFA-A299-BA186ABE147B}"
EndProject
Project("{2150E333-8FDC-42A3-9474-1A3956D46DE8}") = "Task4", "Task4", "{E9A8B917-2C52-41FD-BC51-0A73868050F0}"
EndProject
Project("{FAE04EC0-301F-11D3-BF4B-00C04F79EFBC}") = "Tyuiu.ZainagabdinovR.A.Sprint3.Task4.V9", "Tyuiu.ZainagabdinovR.A.Sprint3.Task4.V9\Tyuiu.ZainagabdinovR.A.Sprint3.Task4.V9.csproj", "{7CE4D0F9-6915-4B9C-B7D2-415A0E6107CA}"
EndProject
Project("{FAE04EC0-301F-11D3-BF4B-00C04F79EFBC}") = "Tyuiu.ZainagabdinovR.A.Sprint3.Task4.V9.Lib", "Tyuiu.ZainagabdinovR.A.Sprint3.Task4.V9.Lib\Tyuiu.ZainagabdinovR.A.Sprint3.Task4.V9.Lib.csproj", "{01DF28BB-89FA-4320-AD75-1EB6421FBACB}"
EndProject
Project("{FAE04EC0-301F-11D3-BF4B-00C04F79EFBC}") = "Tyuiu.ZainagabdinovR.A.Sprint3.Task4.V9.Test", "Tyuiu.ZainagabdinovR.A.Sprint3.Task4.V9.Test\Tyuiu.ZainagabdinovR.A.Sprint3.Task4.V9.Test.csproj", "{6D8DABC5-6273-4FBF-ABDE-B414B65A9A90}"
EndProject
Project("{2150E333-8FDC-42A3-9474-1A3956D46DE8}") = "Task5", "Task5", "{7CC35FEC-8E15-4C8D-9A04-B55DC8E9F269}"
EndProject
Project("{FAE04EC0-301F-11D3-BF4B-00C04F79EFBC}") = "Tyuiu.ZainagabdinovR.A.Sprint3.Task5.V6", "Tyuiu.ZainagabdinovR.A.Sprint3.Task5.V6\Tyuiu.ZainagabdinovR.A.Sprint3.Task5.V6.csproj", "{35F31FB5-D915-43A5-8C99-B64E80C3A45E}"
EndProject
Project("{FAE04EC0-301F-11D3-BF4B-00C04F79EFBC}") = "Tyuiu.ZainagabdinovR.A.Sprint3.Task5.V6.Lib", "Tyuiu.ZainagabdinovR.A.Sprint3.Task5.V6.Lib\Tyuiu.ZainagabdinovR.A.Sprint3.Task5.V6.Lib.csproj", "{92090E13-C28B-43E6-8851-25946C1DF368}"
EndProject
Project("{FAE04EC0-301F-11D3-BF4B-00C04F79EFBC}") = "Tyuiu.ZainagabdinovR.A.Sprint3.Task5.V6.Test", "Tyuiu.ZainagabdinovR.A.Sprint3.Task5.V6.Test\Tyuiu.ZainagabdinovR.A.Sprint3.Task5.V6.Test.csproj", "{2B1502BA-8EF7-4216-9B94-B49BDA983D5C}"
EndProject
Global
	GlobalSection(SolutionConfigurationPlatforms) = preSolution
		Debug|Any CPU = Debug|Any CPU
		Release|Any CPU = Release|Any CPU
	EndGlobalSection
	GlobalSection(ProjectConfigurationPlatforms) = postSolution
		{1DF9A2AD-F360-4BB2-BE22-00226A2628F3}.Debug|Any CPU.ActiveCfg = Debug|Any CPU
		{1DF9A2AD-F360-4BB2-BE22-00226A2628F3}.Debug|Any CPU.Build.0 = Debug|Any CPU
		{1DF9A2AD-F360-4BB2-BE22-00226A2628F3}.Release|Any CPU.ActiveCfg = Release|Any CPU
		{1DF9A2AD-F360-4BB2-BE22-00226A2628F3}.Release|Any CPU.Build.0 = Release|Any CPU
		{B8A73E3E-32B8-4A2B-97C6-F364AFAC5FD3}.Debug|Any CPU.ActiveCfg = Debug|Any CPU
		{B8A73E3E-32B8-4A2B-97C6-F364AFAC5FD3}.Debug|Any CPU.Build.0 = Debug|Any CPU
		{B8A73E3E-32B8-4A2B-97C6-F364AFAC5FD3}.Release|Any CPU.ActiveCfg = Release|Any CPU
		{B8A73E3E-32B8-4A2B-97C6-F364AFAC5FD3}.Release|Any CPU.Build.0 = Release|Any CPU
		{DD1677A0-8D17-4CC7-96C5-58040F953244}.Debug|Any CPU.ActiveCfg = Debug|Any CPU
		{DD1677A0-8D17-4CC7-96C5-58040F953244}.Debug|Any CPU.Build.0 = Debug|Any CPU
		{DD1677A0-8D17-4CC7-96C5-58040F953244}.Release|Any CPU.ActiveCfg = Release|Any CPU
		{DD1677A0-8D17-4CC7-96C5-58040F953244}.Release|Any CPU.Build.0 = Release|Any CPU
		{7ACD22E4-2BC4-4500-B942-DDFC743FC1DC}.Debug|Any CPU.ActiveCfg = Debug|Any CPU
		{7ACD22E4-2BC4-4500-B942-DDFC743FC1DC}.Debug|Any CPU.Build.0 = Debug|Any CPU
		{7ACD22E4-2BC4-4500-B942-DDFC743FC1DC}.Release|Any CPU.ActiveCfg = Release|Any CPU
		{7ACD22E4-2BC4-4500-B942-DDFC743FC1DC}.Release|Any CPU.Build.0 = Release|Any CPU
		{8466A8A0-9CD2-4730-94D3-06815060BC83}.Debug|Any CPU.ActiveCfg = Debug|Any CPU
		{8466A8A0-9CD2-4730-94D3-06815060BC83}.Debug|Any CPU.Build.0 = Debug|Any CPU
		{8466A8A0-9CD2-4730-94D3-06815060BC83}.Release|Any CPU.ActiveCfg = Release|Any CPU
		{8466A8A0-9CD2-4730-94D3-06815060BC83}.Release|Any CPU.Build.0 = Release|Any CPU
		{B1335E1F-DD7A-40FA-872B-4512BD820C7D}.Debug|Any CPU.ActiveCfg = Debug|Any CPU
		{B1335E1F-DD7A-40FA-872B-4512BD820C7D}.Debug|Any CPU.Build.0 = Debug|Any CPU
		{B1335E1F-DD7A-40FA-872B-4512BD820C7D}.Release|Any CPU.ActiveCfg = Release|Any CPU
		{B1335E1F-DD7A-40FA-872B-4512BD820C7D}.Release|Any CPU.Build.0 = Release|Any CPU
		{D8B3062D-DD19-41A5-AAA2-CCEAB9D17505}.Debug|Any CPU.ActiveCfg = Debug|Any CPU
		{D8B3062D-DD19-41A5-AAA2-CCEAB9D17505}.Debug|Any CPU.Build.0 = Debug|Any CPU
		{D8B3062D-DD19-41A5-AAA2-CCEAB9D17505}.Release|Any CPU.ActiveCfg = Release|Any CPU
		{D8B3062D-DD19-41A5-AAA2-CCEAB9D17505}.Release|Any CPU.Build.0 = Release|Any CPU
		{E0F85839-39F7-4ADB-A213-150D3E78D0F4}.Debug|Any CPU.ActiveCfg = Debug|Any CPU
		{E0F85839-39F7-4ADB-A213-150D3E78D0F4}.Debug|Any CPU.Build.0 = Debug|Any CPU
		{E0F85839-39F7-4ADB-A213-150D3E78D0F4}.Release|Any CPU.ActiveCfg = Release|Any CPU
		{E0F85839-39F7-4ADB-A213-150D3E78D0F4}.Release|Any CPU.Build.0 = Release|Any CPU
		{BDAC9B30-225B-4DFA-A299-BA186ABE147B}.Debug|Any CPU.ActiveCfg = Debug|Any CPU
		{BDAC9B30-225B-4DFA-A299-BA186ABE147B}.Debug|Any CPU.Build.0 = Debug|Any CPU
		{BDAC9B30-225B-4DFA-A299-BA186ABE147B}.Release|Any CPU.ActiveCfg = Release|Any CPU
		{BDAC9B30-225B-4DFA-A299-BA186ABE147B}.Release|Any CPU.Build.0 = Release|Any CPU
		{7CE4D0F9-6915-4B9C-B7D2-415A0E6107CA}.Debug|Any CPU.ActiveCfg = Debug|Any CPU
		{7CE4D0F9-6915-4B9C-B7D2-415A0E6107CA}.Debug|Any CPU.Build.0 = Debug|Any CPU
		{7CE4D0F9-6915-4B9C-B7D2-415A0E6107CA}.Release|Any CPU.ActiveCfg = Release|Any CPU
		{7CE4D0F9-6915-4B9C-B7D2-415A0E6107CA}.Release|Any CPU.Build.0 = Release|Any CPU
		{01DF28BB-89FA-4320-AD75-1EB6421FBACB}.Debug|Any CPU.ActiveCfg = Debug|Any CPU
		{01DF28BB-89FA-4320-AD75-1EB6421FBACB}.Debug|Any CPU.Build.0 = Debug|Any CPU
		{01DF28BB-89FA-4320-AD75-1EB6421FBACB}.Release|Any CPU.ActiveCfg = Release|Any CPU
		{01DF28BB-89FA-4320-AD75-1EB6421FBACB}.Release|Any CPU.Build.0 = Release|Any CPU
		{6D8DABC5-6273-4FBF-ABDE-B414B65A9A90}.Debug|Any CPU.ActiveCfg = Debug|Any CPU
		{6D8DABC5-6273-4FBF-ABDE-B414B65A9A90}.Debug|Any CPU.Build.0 = Debug|Any CPU
		{6D8DABC5-6273-4FBF-ABDE-B414B65A9A90}.Release|Any CPU.ActiveCfg = Release|Any CPU
		{6D8DABC5-6273-4FBF-ABDE-B414B65A9A90}.Release|Any CPU.Build.0 = Release|Any CPU
		{35F31FB5-D915-43A5-8C99-B64E80C3A45E}.Debug|Any CPU.ActiveCfg = Debug|Any CPU
		{35F31FB5-D915-43A5-8C99-B64E80C3A45E}.Debug|Any CPU.Build.0 = Debug|Any CPU
		{35F31FB5-D915-43A5-8C99-B64E80C3A45E}.Release|Any CPU.ActiveCfg = Release|Any CPU
		{35F31FB5-D915-43A5-8C99-B64E80C3A45E}.Release|Any CPU.Build.0 = Release|Any CPU
		{92090E13-C28B-43E6-8851-25946C1DF368}.Debug|Any CPU.ActiveCfg = Debug|Any CPU
		{92090E13-C28B-43E6-8851-25946C1DF368}.Debug|Any CPU.Build.0 = Debug|Any CPU
		{92090E13-C28B-43E6-8851-25946C1DF368}.Release|Any CPU.ActiveCfg = Release|Any CPU
		{92090E13-C28B-43E6-8851-25946C1DF368}.Release|Any CPU.Build.0 = Release|Any CPU
		{2B1502BA-8EF7-4216-9B94-B49BDA983D5C}.Debug|Any CPU.ActiveCfg = Debug|Any CPU
		{2B1502BA-8EF7-4216-9B94-B49BDA983D5C}.Debug|Any CPU.Build.0 = Debug|Any CPU
		{2B1502BA-8EF7-4216-9B94-B49BDA983D5C}.Release|Any CPU.ActiveCfg = Release|Any CPU
		{2B1502BA-8EF7-4216-9B94-B49BDA983D5C}.Release|Any CPU.Build.0 = Release|Any CPU
	EndGlobalSection
	GlobalSection(SolutionProperties) = preSolution
		HideSolutionNode = FALSE
	EndGlobalSection
	GlobalSection(NestedProjects) = preSolution
		{1DF9A2AD-F360-4BB2-BE22-00226A2628F3} = {5F9B9B4F-BB33-4A23-A2A8-0BEE24B2F6B5}
		{B8A73E3E-32B8-4A2B-97C6-F364AFAC5FD3} = {5F9B9B4F-BB33-4A23-A2A8-0BEE24B2F6B5}
		{DD1677A0-8D17-4CC7-96C5-58040F953244} = {5F9B9B4F-BB33-4A23-A2A8-0BEE24B2F6B5}
		{7ACD22E4-2BC4-4500-B942-DDFC743FC1DC} = {616F0CEE-9E40-4635-B5B0-CBD64057A25F}
		{8466A8A0-9CD2-4730-94D3-06815060BC83} = {616F0CEE-9E40-4635-B5B0-CBD64057A25F}
		{B1335E1F-DD7A-40FA-872B-4512BD820C7D} = {616F0CEE-9E40-4635-B5B0-CBD64057A25F}
		{D8B3062D-DD19-41A5-AAA2-CCEAB9D17505} = {42DDDEF4-9B43-4D50-854F-197CB8111B62}
		{E0F85839-39F7-4ADB-A213-150D3E78D0F4} = {42DDDEF4-9B43-4D50-854F-197CB8111B62}
		{BDAC9B30-225B-4DFA-A299-BA186ABE147B} = {42DDDEF4-9B43-4D50-854F-197CB8111B62}
		{7CE4D0F9-6915-4B9C-B7D2-415A0E6107CA} = {E9A8B917-2C52-41FD-BC51-0A73868050F0}
		{01DF28BB-89FA-4320-AD75-1EB6421FBACB} = {E9A8B917-2C52-41FD-BC51-0A73868050F0}
		{6D8DABC5-6273-4FBF-ABDE-B414B65A9A90} = {E9A8B917-2C52-41FD-BC51-0A73868050F0}
		{35F31FB5-D915-43A5-8C99-B64E80C3A45E} = {7CC35FEC-8E15-4C8D-9A04-B55DC8E9F269}
		{92090E13-C28B-43E6-8851-25946C1DF368} = {7CC35FEC-8E15-4C8D-9A04-B55DC8E9F269}
		{2B1502BA-8EF7-4216-9B94-B49BDA983D5C} = {7CC35FEC-8E15-4C8D-9A04-B55DC8E9F269}
	EndGlobalSection
	GlobalSection(ExtensibilityGlobals) = postSolution
		SolutionGuid = {16675D92-5F17-454E-99E3-50F9DA178DBC}
	EndGlobalSection
EndGlobal
